// !$*UTF8*$!
{
	archiveVersion = 1;
	classes = {
	};
	objectVersion = 46;
	objects = {

/* Begin PBXBuildFile section */
		680092371D9245E7002EDA51 /* Fabric.framework in Frameworks */ = {isa = PBXBuildFile; fileRef = 680092351D9245E7002EDA51 /* Fabric.framework */; };
		680092381D9245E7002EDA51 /* Crashlytics.framework in Frameworks */ = {isa = PBXBuildFile; fileRef = 680092361D9245E7002EDA51 /* Crashlytics.framework */; };
		68BC541E1D86A7FA00556A44 /* AppDelegate.swift in Sources */ = {isa = PBXBuildFile; fileRef = 68BC541D1D86A7FA00556A44 /* AppDelegate.swift */; };
		68BC54201D86A7FA00556A44 /* ViewController.swift in Sources */ = {isa = PBXBuildFile; fileRef = 68BC541F1D86A7FA00556A44 /* ViewController.swift */; };
		68BC54231D86A7FA00556A44 /* Main.storyboard in Resources */ = {isa = PBXBuildFile; fileRef = 68BC54211D86A7FA00556A44 /* Main.storyboard */; };
		68BC54251D86A7FA00556A44 /* Assets.xcassets in Resources */ = {isa = PBXBuildFile; fileRef = 68BC54241D86A7FA00556A44 /* Assets.xcassets */; };
		68BC54281D86A7FA00556A44 /* LaunchScreen.storyboard in Resources */ = {isa = PBXBuildFile; fileRef = 68BC54261D86A7FA00556A44 /* LaunchScreen.storyboard */; };
		68BC54331D86A7FA00556A44 /* HelloWorldTests.swift in Sources */ = {isa = PBXBuildFile; fileRef = 68BC54321D86A7FA00556A44 /* HelloWorldTests.swift */; };
		68BC543E1D86A7FA00556A44 /* HelloWorldUITests.swift in Sources */ = {isa = PBXBuildFile; fileRef = 68BC543D1D86A7FA00556A44 /* HelloWorldUITests.swift */; };
/* End PBXBuildFile section */

/* Begin PBXContainerItemProxy section */
		68BC542F1D86A7FA00556A44 /* PBXContainerItemProxy */ = {
			isa = PBXContainerItemProxy;
			containerPortal = 68BC54121D86A7FA00556A44 /* Project object */;
			proxyType = 1;
			remoteGlobalIDString = 68BC54191D86A7FA00556A44;
			remoteInfo = HelloWorld;
		};
		68BC543A1D86A7FA00556A44 /* PBXContainerItemProxy */ = {
			isa = PBXContainerItemProxy;
			containerPortal = 68BC54121D86A7FA00556A44 /* Project object */;
			proxyType = 1;
			remoteGlobalIDString = 68BC54191D86A7FA00556A44;
			remoteInfo = HelloWorld;
		};
/* End PBXContainerItemProxy section */

/* Begin PBXFileReference section */
		680092351D9245E7002EDA51 /* Fabric.framework */ = {isa = PBXFileReference; lastKnownFileType = wrapper.framework; path = Fabric.framework; sourceTree = SOURCE_ROOT; };
		680092361D9245E7002EDA51 /* Crashlytics.framework */ = {isa = PBXFileReference; lastKnownFileType = wrapper.framework; path = Crashlytics.framework; sourceTree = SOURCE_ROOT; };
		68BC541A1D86A7FA00556A44 /* HelloWorld.app */ = {isa = PBXFileReference; explicitFileType = wrapper.application; includeInIndex = 0; path = HelloWorld.app; sourceTree = BUILT_PRODUCTS_DIR; };
		68BC541D1D86A7FA00556A44 /* AppDelegate.swift */ = {isa = PBXFileReference; lastKnownFileType = sourcecode.swift; path = AppDelegate.swift; sourceTree = "<group>"; };
		68BC541F1D86A7FA00556A44 /* ViewController.swift */ = {isa = PBXFileReference; lastKnownFileType = sourcecode.swift; path = ViewController.swift; sourceTree = "<group>"; };
		68BC54221D86A7FA00556A44 /* Base */ = {isa = PBXFileReference; lastKnownFileType = file.storyboard; name = Base; path = Base.lproj/Main.storyboard; sourceTree = "<group>"; };
		68BC54241D86A7FA00556A44 /* Assets.xcassets */ = {isa = PBXFileReference; lastKnownFileType = folder.assetcatalog; path = Assets.xcassets; sourceTree = "<group>"; };
		68BC54271D86A7FA00556A44 /* Base */ = {isa = PBXFileReference; lastKnownFileType = file.storyboard; name = Base; path = Base.lproj/LaunchScreen.storyboard; sourceTree = "<group>"; };
		68BC54291D86A7FA00556A44 /* Info.plist */ = {isa = PBXFileReference; lastKnownFileType = text.plist.xml; path = Info.plist; sourceTree = "<group>"; };
		68BC542E1D86A7FA00556A44 /* HelloWorldTests.xctest */ = {isa = PBXFileReference; explicitFileType = wrapper.cfbundle; includeInIndex = 0; path = HelloWorldTests.xctest; sourceTree = BUILT_PRODUCTS_DIR; };
		68BC54321D86A7FA00556A44 /* HelloWorldTests.swift */ = {isa = PBXFileReference; lastKnownFileType = sourcecode.swift; path = HelloWorldTests.swift; sourceTree = "<group>"; };
		68BC54341D86A7FA00556A44 /* Info.plist */ = {isa = PBXFileReference; lastKnownFileType = text.plist.xml; path = Info.plist; sourceTree = "<group>"; };
		68BC54391D86A7FA00556A44 /* HelloWorldUITests.xctest */ = {isa = PBXFileReference; explicitFileType = wrapper.cfbundle; includeInIndex = 0; path = HelloWorldUITests.xctest; sourceTree = BUILT_PRODUCTS_DIR; };
		68BC543D1D86A7FA00556A44 /* HelloWorldUITests.swift */ = {isa = PBXFileReference; lastKnownFileType = sourcecode.swift; path = HelloWorldUITests.swift; sourceTree = "<group>"; };
		68BC543F1D86A7FA00556A44 /* Info.plist */ = {isa = PBXFileReference; lastKnownFileType = text.plist.xml; path = Info.plist; sourceTree = "<group>"; };
/* End PBXFileReference section */

/* Begin PBXFrameworksBuildPhase section */
		68BC54171D86A7FA00556A44 /* Frameworks */ = {
			isa = PBXFrameworksBuildPhase;
			buildActionMask = 2147483647;
			files = (
				680092381D9245E7002EDA51 /* Crashlytics.framework in Frameworks */,
				680092371D9245E7002EDA51 /* Fabric.framework in Frameworks */,
			);
			runOnlyForDeploymentPostprocessing = 0;
		};
		68BC542B1D86A7FA00556A44 /* Frameworks */ = {
			isa = PBXFrameworksBuildPhase;
			buildActionMask = 2147483647;
			files = (
			);
			runOnlyForDeploymentPostprocessing = 0;
		};
		68BC54361D86A7FA00556A44 /* Frameworks */ = {
			isa = PBXFrameworksBuildPhase;
			buildActionMask = 2147483647;
			files = (
			);
			runOnlyForDeploymentPostprocessing = 0;
		};
/* End PBXFrameworksBuildPhase section */

/* Begin PBXGroup section */
		68BC54111D86A7FA00556A44 = {
			isa = PBXGroup;
			children = (
				68BC541C1D86A7FA00556A44 /* HelloWorld */,
				68BC54311D86A7FA00556A44 /* HelloWorldTests */,
				68BC543C1D86A7FA00556A44 /* HelloWorldUITests */,
				68BC541B1D86A7FA00556A44 /* Products */,
			);
			sourceTree = "<group>";
		};
		68BC541B1D86A7FA00556A44 /* Products */ = {
			isa = PBXGroup;
			children = (
				68BC541A1D86A7FA00556A44 /* HelloWorld.app */,
				68BC542E1D86A7FA00556A44 /* HelloWorldTests.xctest */,
				68BC54391D86A7FA00556A44 /* HelloWorldUITests.xctest */,
			);
			name = Products;
			sourceTree = "<group>";
		};
		68BC541C1D86A7FA00556A44 /* HelloWorld */ = {
			isa = PBXGroup;
			children = (
				680092351D9245E7002EDA51 /* Fabric.framework */,
				680092361D9245E7002EDA51 /* Crashlytics.framework */,
				68BC541D1D86A7FA00556A44 /* AppDelegate.swift */,
				68BC541F1D86A7FA00556A44 /* ViewController.swift */,
				68BC54211D86A7FA00556A44 /* Main.storyboard */,
				68BC54241D86A7FA00556A44 /* Assets.xcassets */,
				68BC54261D86A7FA00556A44 /* LaunchScreen.storyboard */,
				68BC54291D86A7FA00556A44 /* Info.plist */,
			);
			path = HelloWorld;
			sourceTree = "<group>";
		};
		68BC54311D86A7FA00556A44 /* HelloWorldTests */ = {
			isa = PBXGroup;
			children = (
				68BC54321D86A7FA00556A44 /* HelloWorldTests.swift */,
				68BC54341D86A7FA00556A44 /* Info.plist */,
			);
			path = HelloWorldTests;
			sourceTree = "<group>";
		};
		68BC543C1D86A7FA00556A44 /* HelloWorldUITests */ = {
			isa = PBXGroup;
			children = (
				68BC543D1D86A7FA00556A44 /* HelloWorldUITests.swift */,
				68BC543F1D86A7FA00556A44 /* Info.plist */,
			);
			path = HelloWorldUITests;
			sourceTree = "<group>";
		};
/* End PBXGroup section */

/* Begin PBXNativeTarget section */
		68BC54191D86A7FA00556A44 /* HelloWorld */ = {
			isa = PBXNativeTarget;
			buildConfigurationList = 68BC54421D86A7FA00556A44 /* Build configuration list for PBXNativeTarget "HelloWorld" */;
			buildPhases = (
				68BC54161D86A7FA00556A44 /* Sources */,
				68BC54171D86A7FA00556A44 /* Frameworks */,
				68BC54181D86A7FA00556A44 /* Resources */,
				68D8DD381D8906B2003136D0 /* ShellScript */,
				680092341D9245CA002EDA51 /* ShellScript */,
			);
			buildRules = (
			);
			dependencies = (
			);
			name = HelloWorld;
			productName = HelloWorld;
			productReference = 68BC541A1D86A7FA00556A44 /* HelloWorld.app */;
			productType = "com.apple.product-type.application";
		};
		68BC542D1D86A7FA00556A44 /* HelloWorldTests */ = {
			isa = PBXNativeTarget;
			buildConfigurationList = 68BC54451D86A7FA00556A44 /* Build configuration list for PBXNativeTarget "HelloWorldTests" */;
			buildPhases = (
				68BC542A1D86A7FA00556A44 /* Sources */,
				68BC542B1D86A7FA00556A44 /* Frameworks */,
				68BC542C1D86A7FA00556A44 /* Resources */,
			);
			buildRules = (
			);
			dependencies = (
				68BC54301D86A7FA00556A44 /* PBXTargetDependency */,
			);
			name = HelloWorldTests;
			productName = HelloWorldTests;
			productReference = 68BC542E1D86A7FA00556A44 /* HelloWorldTests.xctest */;
			productType = "com.apple.product-type.bundle.unit-test";
		};
		68BC54381D86A7FA00556A44 /* HelloWorldUITests */ = {
			isa = PBXNativeTarget;
			buildConfigurationList = 68BC54481D86A7FA00556A44 /* Build configuration list for PBXNativeTarget "HelloWorldUITests" */;
			buildPhases = (
				68BC54351D86A7FA00556A44 /* Sources */,
				68BC54361D86A7FA00556A44 /* Frameworks */,
				68BC54371D86A7FA00556A44 /* Resources */,
			);
			buildRules = (
			);
			dependencies = (
				68BC543B1D86A7FA00556A44 /* PBXTargetDependency */,
			);
			name = HelloWorldUITests;
			productName = HelloWorldUITests;
			productReference = 68BC54391D86A7FA00556A44 /* HelloWorldUITests.xctest */;
			productType = "com.apple.product-type.bundle.ui-testing";
		};
/* End PBXNativeTarget section */

/* Begin PBXProject section */
		68BC54121D86A7FA00556A44 /* Project object */ = {
			isa = PBXProject;
			attributes = {
				LastSwiftUpdateCheck = 0730;
				LastUpgradeCheck = 0730;
				ORGANIZATIONNAME = "Tran Long";
				TargetAttributes = {
					68BC54191D86A7FA00556A44 = {
						CreatedOnToolsVersion = 7.3.1;
					};
					68BC542D1D86A7FA00556A44 = {
						CreatedOnToolsVersion = 7.3.1;
						TestTargetID = 68BC54191D86A7FA00556A44;
					};
					68BC54381D86A7FA00556A44 = {
						CreatedOnToolsVersion = 7.3.1;
						TestTargetID = 68BC54191D86A7FA00556A44;
					};
				};
			};
			buildConfigurationList = 68BC54151D86A7FA00556A44 /* Build configuration list for PBXProject "HelloWorld" */;
			compatibilityVersion = "Xcode 3.2";
			developmentRegion = English;
			hasScannedForEncodings = 0;
			knownRegions = (
				en,
				Base,
			);
			mainGroup = 68BC54111D86A7FA00556A44;
			productRefGroup = 68BC541B1D86A7FA00556A44 /* Products */;
			projectDirPath = "";
			projectRoot = "";
			targets = (
				68BC54191D86A7FA00556A44 /* HelloWorld */,
				68BC542D1D86A7FA00556A44 /* HelloWorldTests */,
				68BC54381D86A7FA00556A44 /* HelloWorldUITests */,
			);
		};
/* End PBXProject section */

/* Begin PBXResourcesBuildPhase section */
		68BC54181D86A7FA00556A44 /* Resources */ = {
			isa = PBXResourcesBuildPhase;
			buildActionMask = 2147483647;
			files = (
				68BC54281D86A7FA00556A44 /* LaunchScreen.storyboard in Resources */,
				68BC54251D86A7FA00556A44 /* Assets.xcassets in Resources */,
				68BC54231D86A7FA00556A44 /* Main.storyboard in Resources */,
			);
			runOnlyForDeploymentPostprocessing = 0;
		};
		68BC542C1D86A7FA00556A44 /* Resources */ = {
			isa = PBXResourcesBuildPhase;
			buildActionMask = 2147483647;
			files = (
			);
			runOnlyForDeploymentPostprocessing = 0;
		};
		68BC54371D86A7FA00556A44 /* Resources */ = {
			isa = PBXResourcesBuildPhase;
			buildActionMask = 2147483647;
			files = (
			);
			runOnlyForDeploymentPostprocessing = 0;
		};
/* End PBXResourcesBuildPhase section */

/* Begin PBXShellScriptBuildPhase section */
		680092341D9245CA002EDA51 /* ShellScript */ = {
			isa = PBXShellScriptBuildPhase;
			buildActionMask = 2147483647;
			files = (
			);
			inputPaths = (
			);
			outputPaths = (
			);
			runOnlyForDeploymentPostprocessing = 0;
			shellPath = /bin/sh;
			shellScript = "./Fabric.framework/run d241e3297a82297479a8c29751465eea577f9772 104c0cae8d45fe16fa0b74bc56b1fad37713b18519530213aae8a7cbd7cb389a";
		};
		68D8DD381D8906B2003136D0 /* ShellScript */ = {
			isa = PBXShellScriptBuildPhase;
			buildActionMask = 8;
			files = (
			);
			inputPaths = (
			);
			outputPaths = (
			);
			runOnlyForDeploymentPostprocessing = 1;
			shellPath = /bin/sh;
			shellScript = "";
			showEnvVarsInLog = 0;
		};
/* End PBXShellScriptBuildPhase section */

/* Begin PBXSourcesBuildPhase section */
		68BC54161D86A7FA00556A44 /* Sources */ = {
			isa = PBXSourcesBuildPhase;
			buildActionMask = 2147483647;
			files = (
				68BC54201D86A7FA00556A44 /* ViewController.swift in Sources */,
				68BC541E1D86A7FA00556A44 /* AppDelegate.swift in Sources */,
			);
			runOnlyForDeploymentPostprocessing = 0;
		};
		68BC542A1D86A7FA00556A44 /* Sources */ = {
			isa = PBXSourcesBuildPhase;
			buildActionMask = 2147483647;
			files = (
				68BC54331D86A7FA00556A44 /* HelloWorldTests.swift in Sources */,
			);
			runOnlyForDeploymentPostprocessing = 0;
		};
		68BC54351D86A7FA00556A44 /* Sources */ = {
			isa = PBXSourcesBuildPhase;
			buildActionMask = 2147483647;
			files = (
				68BC543E1D86A7FA00556A44 /* HelloWorldUITests.swift in Sources */,
			);
			runOnlyForDeploymentPostprocessing = 0;
		};
/* End PBXSourcesBuildPhase section */

/* Begin PBXTargetDependency section */
		68BC54301D86A7FA00556A44 /* PBXTargetDependency */ = {
			isa = PBXTargetDependency;
			target = 68BC54191D86A7FA00556A44 /* HelloWorld */;
			targetProxy = 68BC542F1D86A7FA00556A44 /* PBXContainerItemProxy */;
		};
		68BC543B1D86A7FA00556A44 /* PBXTargetDependency */ = {
			isa = PBXTargetDependency;
			target = 68BC54191D86A7FA00556A44 /* HelloWorld */;
			targetProxy = 68BC543A1D86A7FA00556A44 /* PBXContainerItemProxy */;
		};
/* End PBXTargetDependency section */

/* Begin PBXVariantGroup section */
		68BC54211D86A7FA00556A44 /* Main.storyboard */ = {
			isa = PBXVariantGroup;
			children = (
				68BC54221D86A7FA00556A44 /* Base */,
			);
			name = Main.storyboard;
			sourceTree = "<group>";
		};
		68BC54261D86A7FA00556A44 /* LaunchScreen.storyboard */ = {
			isa = PBXVariantGroup;
			children = (
				68BC54271D86A7FA00556A44 /* Base */,
			);
			name = LaunchScreen.storyboard;
			sourceTree = "<group>";
		};
/* End PBXVariantGroup section */

/* Begin XCBuildConfiguration section */
		68BC54401D86A7FA00556A44 /* Debug */ = {
			isa = XCBuildConfiguration;
			buildSettings = {
				ALWAYS_SEARCH_USER_PATHS = NO;
				CLANG_ANALYZER_NONNULL = YES;
				CLANG_CXX_LANGUAGE_STANDARD = "gnu++0x";
				CLANG_CXX_LIBRARY = "libc++";
				CLANG_ENABLE_MODULES = YES;
				CLANG_ENABLE_OBJC_ARC = YES;
				CLANG_WARN_BOOL_CONVERSION = YES;
				CLANG_WARN_CONSTANT_CONVERSION = YES;
				CLANG_WARN_DIRECT_OBJC_ISA_USAGE = YES_ERROR;
				CLANG_WARN_EMPTY_BODY = YES;
				CLANG_WARN_ENUM_CONVERSION = YES;
				CLANG_WARN_INT_CONVERSION = YES;
				CLANG_WARN_OBJC_ROOT_CLASS = YES_ERROR;
				CLANG_WARN_UNREACHABLE_CODE = YES;
				CLANG_WARN__DUPLICATE_METHOD_MATCH = YES;
				"CODE_SIGN_IDENTITY[sdk=iphoneos*]" = "iPhone Developer";
				COPY_PHASE_STRIP = NO;
				DEBUG_INFORMATION_FORMAT = dwarf;
				ENABLE_STRICT_OBJC_MSGSEND = YES;
				ENABLE_TESTABILITY = YES;
				GCC_C_LANGUAGE_STANDARD = gnu99;
				GCC_DYNAMIC_NO_PIC = NO;
				GCC_NO_COMMON_BLOCKS = YES;
				GCC_OPTIMIZATION_LEVEL = 0;
				GCC_PREPROCESSOR_DEFINITIONS = (
					"DEBUG=1",
					"$(inherited)",
				);
				GCC_WARN_64_TO_32_BIT_CONVERSION = YES;
				GCC_WARN_ABOUT_RETURN_TYPE = YES_ERROR;
				GCC_WARN_UNDECLARED_SELECTOR = YES;
				GCC_WARN_UNINITIALIZED_AUTOS = YES_AGGRESSIVE;
				GCC_WARN_UNUSED_FUNCTION = YES;
				GCC_WARN_UNUSED_VARIABLE = YES;
				IPHONEOS_DEPLOYMENT_TARGET = 9.3;
				MTL_ENABLE_DEBUG_INFO = YES;
				ONLY_ACTIVE_ARCH = YES;
				SDKROOT = iphoneos;
				SWIFT_OPTIMIZATION_LEVEL = "-Onone";
				TARGETED_DEVICE_FAMILY = "1,2";
			};
			name = Debug;
		};
		68BC54411D86A7FA00556A44 /* Release */ = {
			isa = XCBuildConfiguration;
			buildSettings = {
				ALWAYS_SEARCH_USER_PATHS = NO;
				CLANG_ANALYZER_NONNULL = YES;
				CLANG_CXX_LANGUAGE_STANDARD = "gnu++0x";
				CLANG_CXX_LIBRARY = "libc++";
				CLANG_ENABLE_MODULES = YES;
				CLANG_ENABLE_OBJC_ARC = YES;
				CLANG_WARN_BOOL_CONVERSION = YES;
				CLANG_WARN_CONSTANT_CONVERSION = YES;
				CLANG_WARN_DIRECT_OBJC_ISA_USAGE = YES_ERROR;
				CLANG_WARN_EMPTY_BODY = YES;
				CLANG_WARN_ENUM_CONVERSION = YES;
				CLANG_WARN_INT_CONVERSION = YES;
				CLANG_WARN_OBJC_ROOT_CLASS = YES_ERROR;
				CLANG_WARN_UNREACHABLE_CODE = YES;
				CLANG_WARN__DUPLICATE_METHOD_MATCH = YES;
				"CODE_SIGN_IDENTITY[sdk=iphoneos*]" = "iPhone Developer";
				COPY_PHASE_STRIP = NO;
				DEBUG_INFORMATION_FORMAT = "dwarf-with-dsym";
				ENABLE_NS_ASSERTIONS = NO;
				ENABLE_STRICT_OBJC_MSGSEND = YES;
				GCC_C_LANGUAGE_STANDARD = gnu99;
				GCC_NO_COMMON_BLOCKS = YES;
				GCC_WARN_64_TO_32_BIT_CONVERSION = YES;
				GCC_WARN_ABOUT_RETURN_TYPE = YES_ERROR;
				GCC_WARN_UNDECLARED_SELECTOR = YES;
				GCC_WARN_UNINITIALIZED_AUTOS = YES_AGGRESSIVE;
				GCC_WARN_UNUSED_FUNCTION = YES;
				GCC_WARN_UNUSED_VARIABLE = YES;
				IPHONEOS_DEPLOYMENT_TARGET = 9.3;
				MTL_ENABLE_DEBUG_INFO = NO;
				SDKROOT = iphoneos;
				TARGETED_DEVICE_FAMILY = "1,2";
				VALIDATE_PRODUCT = YES;
			};
			name = Release;
		};
		68BC54431D86A7FA00556A44 /* Debug */ = {
			isa = XCBuildConfiguration;
			buildSettings = {
				ASSETCATALOG_COMPILER_APPICON_NAME = AppIcon;
				FRAMEWORK_SEARCH_PATHS = (
					"$(inherited)",
					"$(PROJECT_DIR)",
				);
				INFOPLIST_FILE = HelloWorld/Info.plist;
				LD_RUNPATH_SEARCH_PATHS = "$(inherited) @executable_path/Frameworks";
				PRODUCT_BUNDLE_IDENTIFIER = se.niteco.HelloWorld;
				PRODUCT_NAME = "$(TARGET_NAME)";
				PROVISIONING_PROFILE = "";
			};
			name = Debug;
		};
		68BC54441D86A7FA00556A44 /* Release */ = {
			isa = XCBuildConfiguration;
			buildSettings = {
				ASSETCATALOG_COMPILER_APPICON_NAME = AppIcon;
				FRAMEWORK_SEARCH_PATHS = (
					"$(inherited)",
					"$(PROJECT_DIR)",
				);
				INFOPLIST_FILE = HelloWorld/Info.plist;
				LD_RUNPATH_SEARCH_PATHS = "$(inherited) @executable_path/Frameworks";
				PRODUCT_BUNDLE_IDENTIFIER = se.niteco.HelloWorld;
				PRODUCT_NAME = "$(TARGET_NAME)";
				PROVISIONING_PROFILE = "";
			};
			name = Release;
		};
		68BC54461D86A7FA00556A44 /* Debug */ = {
			isa = XCBuildConfiguration;
			buildSettings = {
				BUNDLE_LOADER = "$(TEST_HOST)";
				INFOPLIST_FILE = HelloWorldTests/Info.plist;
				LD_RUNPATH_SEARCH_PATHS = "$(inherited) @executable_path/Frameworks @loader_path/Frameworks";
				PRODUCT_BUNDLE_IDENTIFIER = niteco.HelloWorldTests;
				PRODUCT_NAME = "$(TARGET_NAME)";
				TEST_HOST = "$(BUILT_PRODUCTS_DIR)/HelloWorld.app/HelloWorld";
			};
			name = Debug;
		};
		68BC54471D86A7FA00556A44 /* Release */ = {
			isa = XCBuildConfiguration;
			buildSettings = {
				BUNDLE_LOADER = "$(TEST_HOST)";
				INFOPLIST_FILE = HelloWorldTests/Info.plist;
				LD_RUNPATH_SEARCH_PATHS = "$(inherited) @executable_path/Frameworks @loader_path/Frameworks";
				PRODUCT_BUNDLE_IDENTIFIER = niteco.HelloWorldTests;
				PRODUCT_NAME = "$(TARGET_NAME)";
				TEST_HOST = "$(BUILT_PRODUCTS_DIR)/HelloWorld.app/HelloWorld";
			};
			name = Release;
		};
		68BC54491D86A7FA00556A44 /* Debug */ = {
			isa = XCBuildConfiguration;
			buildSettings = {
				INFOPLIST_FILE = HelloWorldUITests/Info.plist;
				LD_RUNPATH_SEARCH_PATHS = "$(inherited) @executable_path/Frameworks @loader_path/Frameworks";
				PRODUCT_BUNDLE_IDENTIFIER = niteco.HelloWorldUITests;
				PRODUCT_NAME = "$(TARGET_NAME)";
				TEST_TARGET_NAME = HelloWorld;
			};
			name = Debug;
		};
		68BC544A1D86A7FA00556A44 /* Release */ = {
			isa = XCBuildConfiguration;
			buildSettings = {
				INFOPLIST_FILE = HelloWorldUITests/Info.plist;
				LD_RUNPATH_SEARCH_PATHS = "$(inherited) @executable_path/Frameworks @loader_path/Frameworks";
				PRODUCT_BUNDLE_IDENTIFIER = niteco.HelloWorldUITests;
				PRODUCT_NAME = "$(TARGET_NAME)";
				TEST_TARGET_NAME = HelloWorld;
			};
			name = Release;
		};
/* End XCBuildConfiguration section */

/* Begin XCConfigurationList section */
		68BC54151D86A7FA00556A44 /* Build configuration list for PBXProject "HelloWorld" */ = {
			isa = XCConfigurationList;
			buildConfigurations = (
				68BC54401D86A7FA00556A44 /* Debug */,
				68BC54411D86A7FA00556A44 /* Release */,
			);
			defaultConfigurationIsVisible = 0;
			defaultConfigurationName = Release;
		};
		68BC54421D86A7FA00556A44 /* Build configuration list for PBXNativeTarget "HelloWorld" */ = {
			isa = XCConfigurationList;
			buildConfigurations = (
				68BC54431D86A7FA00556A44 /* Debug */,
				68BC54441D86A7FA00556A44 /* Release */,
			);
			defaultConfigurationIsVisible = 0;
			defaultConfigurationName = Release;
		};
		68BC54451D86A7FA00556A44 /* Build configuration list for PBXNativeTarget "HelloWorldTests" */ = {
			isa = XCConfigurationList;
			buildConfigurations = (
				68BC54461D86A7FA00556A44 /* Debug */,
				68BC54471D86A7FA00556A44 /* Release */,
			);
			defaultConfigurationIsVisible = 0;
			defaultConfigurationName = Release;
		};
		68BC54481D86A7FA00556A44 /* Build configuration list for PBXNativeTarget "HelloWorldUITests" */ = {
			isa = XCConfigurationList;
			buildConfigurations = (
				68BC54491D86A7FA00556A44 /* Debug */,
				68BC544A1D86A7FA00556A44 /* Release */,
			);
			defaultConfigurationIsVisible = 0;
			defaultConfigurationName = Release;
		};
/* End XCConfigurationList section */
	};
	rootObject = 68BC54121D86A7FA00556A44 /* Project object */;
}
